<?xml version="1.0" encoding="utf-8"?>
<Project ToolsVersion="4.0" xmlns="http://schemas.microsoft.com/developer/msbuild/2003">
  <ItemGroup>
    <Filter Include="Source Files">
      <UniqueIdentifier>{4FC737F1-C7A5-4376-A066-2A32D752A2FF}</UniqueIdentifier>
      <Extensions>cpp;c;cc;cxx;def;odl;idl;hpj;bat;asm;asmx</Extensions>
    </Filter>
    <Filter Include="Header Files">
      <UniqueIdentifier>{93995380-89BD-4b04-88EB-625FBE52EBFB}</UniqueIdentifier>
      <Extensions>h;hh;hpp;hxx;hm;inl;inc;xsd</Extensions>
    </Filter>
    <Filter Include="Resource Files">
      <UniqueIdentifier>{67DA6AB6-F800-4c08-8B7A-83BB121AAD01}</UniqueIdentifier>
      <Extensions>rc;ico;cur;bmp;dlg;rc2;rct;bin;rgs;gif;jpg;jpeg;jpe;resx;tiff;tif;png;wav;mfcribbon-ms</Extensions>
    </Filter>
  </ItemGroup>
  <ItemGroup>
    <ClInclude Include="stdafx.h">
      <Filter>Header Files</Filter>
    </ClInclude>
    <ClInclude Include="targetver.h">
      <Filter>Header Files</Filter>
    </ClInclude>
    <ClInclude Include="highscores.h">
      <Filter>Header Files</Filter>
    </ClInclude>
    <ClInclude Include="player.h">
      <Filter>Header Files</Filter>
    </ClInclude>
    <ClInclude Include="roll.h">
      <Filter>Header Files</Filter>
    </ClInclude>
    <ClInclude Include="scorecard.h">
      <Filter>Header Files</Filter>
    </ClInclude>
    <ClInclude Include="scoreeditbox.h">
      <Filter>Header Files</Filter>
    </ClInclude>
    <ClInclude Include="stategameendturn.h">
      <Filter>Header Files</Filter>
    </ClInclude>
    <ClInclude Include="stategamerolling.h">
      <Filter>Header Files</Filter>
    </ClInclude>
    <ClInclude Include="stategamewaitingforroll.h">
      <Filter>Header Files</Filter>
    </ClInclude>
    <ClInclude Include="stategamewaitingforscore.h">
      <Filter>Header Files</Filter>
    </ClInclude>
    <ClInclude Include="stategamewaitingforscoreorroll.h">
      <Filter>Header Files</Filter>
    </ClInclude>
    <ClInclude Include="stategameyahtzee.h">
      <Filter>Header Files</Filter>
    </ClInclude>
    <ClInclude Include="statemenuabout.h">
      <Filter>Header Files</Filter>
    </ClInclude>
    <ClInclude Include="statemenuenterhighscore.h">
      <Filter>Header Files</Filter>
    </ClInclude>
    <ClInclude Include="statemenugameover.h">
      <Filter>Header Files</Filter>
    </ClInclude>
    <ClInclude Include="statemenuingamesettings.h">
      <Filter>Header Files</Filter>
    </ClInclude>
    <ClInclude Include="statemenumain.h">
      <Filter>Header Files</Filter>
    </ClInclude>
    <ClInclude Include="statemenunetconnecting.h">
      <Filter>Header Files</Filter>
    </ClInclude>
    <ClInclude Include="statemenunetgameended.h">
      <Filter>Header Files</Filter>
    </ClInclude>
    <ClInclude Include="statemenunetgameentername.h">
      <Filter>Header Files</Filter>
    </ClInclude>
    <ClInclude Include="statemenunetgamesetup.h">
      <Filter>Header Files</Filter>
    </ClInclude>
    <ClInclude Include="statemenunethostinggame.h">
      <Filter>Header Files</Filter>
    </ClInclude>
    <ClInclude Include="statemenunetjoinedremote.h">
      <Filter>Header Files</Filter>
    </ClInclude>
    <ClInclude Include="statemenuplayersetup.h">
      <Filter>Header Files</Filter>
    </ClInclude>
    <ClInclude Include="statemenusettings.h">
      <Filter>Header Files</Filter>
    </ClInclude>
    <ClInclude Include="statemenuviewhighscores.h">
      <Filter>Header Files</Filter>
    </ClInclude>
    <ClInclude Include="yahtzee.h">
      <Filter>Header Files</Filter>
    </ClInclude>
    <ClInclude Include="yahtzeenetworkhandler.h">
      <Filter>Header Files</Filter>
    </ClInclude>
    <ClInclude Include="yahtzeepacket.h">
      <Filter>Header Files</Filter>
    </ClInclude>
    <ClInclude Include="resource.h">
      <Filter>Resource Files</Filter>
    </ClInclude>
  </ItemGroup>
  <ItemGroup>
    <ClCompile Include="stdafx.cpp">
      <Filter>Source Files</Filter>
    </ClCompile>
    <ClCompile Include="entrypoint.cpp">
      <Filter>Source Files</Filter>
    </ClCompile>
    <ClCompile Include="highscores.cpp">
      <Filter>Source Files</Filter>
    </ClCompile>
    <ClCompile Include="player.cpp">
      <Filter>Source Files</Filter>
    </ClCompile>
    <ClCompile Include="roll.cpp">
      <Filter>Source Files</Filter>
    </ClCompile>
    <ClCompile Include="scorecard.cpp">
      <Filter>Source Files</Filter>
    </ClCompile>
    <ClCompile Include="scoreeditbox.cpp">
      <Filter>Source Files</Filter>
    </ClCompile>
    <ClCompile Include="stategameendturn.cpp">
      <Filter>Source Files</Filter>
    </ClCompile>
    <ClCompile Include="stategamerolling.cpp">
      <Filter>Source Files</Filter>
    </ClCompile>
    <ClCompile Include="stategamewaitingforroll.cpp">
      <Filter>Source Files</Filter>
    </ClCompile>
    <ClCompile Include="stategamewaitingforscore.cpp">
      <Filter>Source Files</Filter>
    </ClCompile>
    <ClCompile Include="stategamewaitingforscoreorroll.cpp">
      <Filter>Source Files</Filter>
    </ClCompile>
    <ClCompile Include="stategameyahtzee.cpp">
      <Filter>Source Files</Filter>
    </ClCompile>
    <ClCompile Include="statemenuabout.cpp">
      <Filter>Source Files</Filter>
    </ClCompile>
    <ClCompile Include="statemenuenterhighscore.cpp">
      <Filter>Source Files</Filter>
    </ClCompile>
    <ClCompile Include="statemenugameover.cpp">
      <Filter>Source Files</Filter>
    </ClCompile>
    <ClCompile Include="statemenuingamesettings.cpp">
      <Filter>Source Files</Filter>
    </ClCompile>
    <ClCompile Include="statemenumain.cpp">
      <Filter>Source Files</Filter>
    </ClCompile>
    <ClCompile Include="statemenunetconnecting.cpp">
      <Filter>Source Files</Filter>
    </ClCompile>
    <ClCompile Include="statemenunetgameended.cpp">
      <Filter>Source Files</Filter>
    </ClCompile>
    <ClCompile Include="statemenunetgameentername.cpp">
      <Filter>Source Files</Filter>
    </ClCompile>
    <ClCompile Include="statemenunetgamesetup.cpp">
      <Filter>Source Files</Filter>
    </ClCompile>
    <ClCompile Include="statemenunethostinggame.cpp">
      <Filter>Source Files</Filter>
    </ClCompile>
    <ClCompile Include="statemenunetjoinedremote.cpp">
      <Filter>Source Files</Filter>
    </ClCompile>
    <ClCompile Include="statemenuplayersetup.cpp">
      <Filter>Source Files</Filter>
    </ClCompile>
    <ClCompile Include="statemenusettings.cpp">
      <Filter>Source Files</Filter>
    </ClCompile>
    <ClCompile Include="statemenuviewhighscores.cpp">
      <Filter>Source Files</Filter>
    </ClCompile>
    <ClCompile Include="yahtzee.cpp">
      <Filter>Source Files</Filter>
    </ClCompile>
    <ClCompile Include="yahtzeenetworkhandler.cpp">
      <Filter>Source Files</Filter>
    </ClCompile>
    <ClCompile Include="yahtzeepacket.cpp">
      <Filter>Source Files</Filter>
    </ClCompile>
  </ItemGroup>
  <ItemGroup>
    <ResourceCompile Include="Yahtzee.rc">
      <Filter>Resource Files</Filter>
    </ResourceCompile>
  </ItemGroup>
</Project>